Microsoft Visual Studio Solution File, Format Version 12.00
# Visual Studio Version 17
VisualStudioVersion = 17.5.2.0
MinimumVisualStudioVersion = 10.0.40219.1
Project("{FAE04EC0-301F-11D3-BF4B-00C04F79EFBC}") = "NENet", "NENet.csproj", "{EE94DAB1-5617-86F7-94B8-171957491907}"
EndProject
Global
	GlobalSection(SolutionConfigurationPlatforms) = preSolution
		Debug|Any CPU = Debug|Any CPU
		Release|Any CPU = Release|Any CPU
	EndGlobalSection
	GlobalSection(ProjectConfigurationPlatforms) = postSolution
		{EE94DAB1-5617-86F7-94B8-171957491907}.Debug|Any CPU.ActiveCfg = Debug|Any CPU
		{EE94DAB1-5617-86F7-94B8-171957491907}.Debug|Any CPU.Build.0 = Debug|Any CPU
		{EE94DAB1-5617-86F7-94B8-171957491907}.Release|Any CPU.ActiveCfg = Release|Any CPU
		{EE94DAB1-5617-86F7-94B8-171957491907}.Release|Any CPU.Build.0 = Release|Any CPU
	EndGlobalSection
	GlobalSection(SolutionProperties) = preSolution
		HideSolutionNode = FALSE
	EndGlobalSection
	GlobalSection(ExtensibilityGlobals) = postSolution
		SolutionGuid = {C5D4436A-9ED0-42B3-AAF2-956AC210FEE1}
	EndGlobalSection
EndGlobal
